
Microsoft Visual Studio Solution File, Format Version 12.00
# Visual Studio Version 17
VisualStudioVersion = 17.4.33122.133
MinimumVisualStudioVersion = 10.0.40219.1
Project("{FAE04EC0-301F-11D3-BF4B-00C04F79EFBC}") = "TestJenkinssite", "TestJenkinssite\TestJenkinssite.csproj", "{57DBCC7F-8AA0-4FF1-97FB-BFEB554B47F3}"
EndProject
Global
	GlobalSection(SolutionConfigurationPlatforms) = preSolution
		Debug|Any CPU = Debug|Any CPU
		Release|Any CPU = Release|Any CPU
	EndGlobalSection
	GlobalSection(ProjectConfigurationPlatforms) = postSolution
		{57DBCC7F-8AA0-4FF1-97FB-BFEB554B47F3}.Debug|Any CPU.ActiveCfg = Debug|Any CPU
		{57DBCC7F-8AA0-4FF1-97FB-BFEB554B47F3}.Debug|Any CPU.Build.0 = Debug|Any CPU
		{57DBCC7F-8AA0-4FF1-97FB-BFEB554B47F3}.Release|Any CPU.ActiveCfg = Release|Any CPU
		{57DBCC7F-8AA0-4FF1-97FB-BFEB554B47F3}.Release|Any CPU.Build.0 = Release|Any CPU
	EndGlobalSection
	GlobalSection(SolutionProperties) = preSolution
		HideSolutionNode = FALSE
	EndGlobalSection
	GlobalSection(ExtensibilityGlobals) = postSolution
		SolutionGuid = {CC308B50-B062-4993-95F4-F4DB6AB18B98}
	EndGlobalSection
EndGlobal
